
Microsoft Visual Studio Solution File, Format Version 12.00
# Visual Studio Version 16
VisualStudioVersion = 16.0.30114.105
MinimumVisualStudioVersion = 10.0.40219.1
Project("{2150E333-8FDC-42A3-9474-1A3956D46DE8}") = "src", "src", "{775E931D-110D-47AF-A30C-D5598FCFD3D1}"
EndProject
Project("{F2A71F9B-5D33-465A-A702-920D77279786}") = "FSharp.FsxConfig", "src\FSharp.FsxConfig\FSharp.FsxConfig.fsproj", "{EDBF45DB-4F90-4C6B-9504-788012403E4E}"
EndProject
Project("{2150E333-8FDC-42A3-9474-1A3956D46DE8}") = "tests", "tests", "{8413BE8A-5EEB-4BAE-B36F-853C94705A80}"
EndProject
Project("{F2A71F9B-5D33-465A-A702-920D77279786}") = "FSharp.FsxConfig.Tests", "tests\FSharp.FsxConfig.Tests\FSharp.FsxConfig.Tests.fsproj", "{145BF5CC-2E85-4721-8FF3-BECB1AB2D9F3}"
EndProject
Global
	GlobalSection(SolutionConfigurationPlatforms) = preSolution
		Debug|Any CPU = Debug|Any CPU
		Debug|x64 = Debug|x64
		Debug|x86 = Debug|x86
		Release|Any CPU = Release|Any CPU
		Release|x64 = Release|x64
		Release|x86 = Release|x86
	EndGlobalSection
	GlobalSection(SolutionProperties) = preSolution
		HideSolutionNode = FALSE
	EndGlobalSection
	GlobalSection(ProjectConfigurationPlatforms) = postSolution
		{EDBF45DB-4F90-4C6B-9504-788012403E4E}.Debug|Any CPU.ActiveCfg = Debug|Any CPU
		{EDBF45DB-4F90-4C6B-9504-788012403E4E}.Debug|Any CPU.Build.0 = Debug|Any CPU
		{EDBF45DB-4F90-4C6B-9504-788012403E4E}.Debug|x64.ActiveCfg = Debug|Any CPU
		{EDBF45DB-4F90-4C6B-9504-788012403E4E}.Debug|x64.Build.0 = Debug|Any CPU
		{EDBF45DB-4F90-4C6B-9504-788012403E4E}.Debug|x86.ActiveCfg = Debug|Any CPU
		{EDBF45DB-4F90-4C6B-9504-788012403E4E}.Debug|x86.Build.0 = Debug|Any CPU
		{EDBF45DB-4F90-4C6B-9504-788012403E4E}.Release|Any CPU.ActiveCfg = Release|Any CPU
		{EDBF45DB-4F90-4C6B-9504-788012403E4E}.Release|Any CPU.Build.0 = Release|Any CPU
		{EDBF45DB-4F90-4C6B-9504-788012403E4E}.Release|x64.ActiveCfg = Release|Any CPU
		{EDBF45DB-4F90-4C6B-9504-788012403E4E}.Release|x64.Build.0 = Release|Any CPU
		{EDBF45DB-4F90-4C6B-9504-788012403E4E}.Release|x86.ActiveCfg = Release|Any CPU
		{EDBF45DB-4F90-4C6B-9504-788012403E4E}.Release|x86.Build.0 = Release|Any CPU
		{145BF5CC-2E85-4721-8FF3-BECB1AB2D9F3}.Debug|Any CPU.ActiveCfg = Debug|Any CPU
		{145BF5CC-2E85-4721-8FF3-BECB1AB2D9F3}.Debug|Any CPU.Build.0 = Debug|Any CPU
		{145BF5CC-2E85-4721-8FF3-BECB1AB2D9F3}.Debug|x64.ActiveCfg = Debug|Any CPU
		{145BF5CC-2E85-4721-8FF3-BECB1AB2D9F3}.Debug|x64.Build.0 = Debug|Any CPU
		{145BF5CC-2E85-4721-8FF3-BECB1AB2D9F3}.Debug|x86.ActiveCfg = Debug|Any CPU
		{145BF5CC-2E85-4721-8FF3-BECB1AB2D9F3}.Debug|x86.Build.0 = Debug|Any CPU
		{145BF5CC-2E85-4721-8FF3-BECB1AB2D9F3}.Release|Any CPU.ActiveCfg = Release|Any CPU
		{145BF5CC-2E85-4721-8FF3-BECB1AB2D9F3}.Release|Any CPU.Build.0 = Release|Any CPU
		{145BF5CC-2E85-4721-8FF3-BECB1AB2D9F3}.Release|x64.ActiveCfg = Release|Any CPU
		{145BF5CC-2E85-4721-8FF3-BECB1AB2D9F3}.Release|x64.Build.0 = Release|Any CPU
		{145BF5CC-2E85-4721-8FF3-BECB1AB2D9F3}.Release|x86.ActiveCfg = Release|Any CPU
		{145BF5CC-2E85-4721-8FF3-BECB1AB2D9F3}.Release|x86.Build.0 = Release|Any CPU
	EndGlobalSection
	GlobalSection(NestedProjects) = preSolution
		{EDBF45DB-4F90-4C6B-9504-788012403E4E} = {775E931D-110D-47AF-A30C-D5598FCFD3D1}
		{145BF5CC-2E85-4721-8FF3-BECB1AB2D9F3} = {8413BE8A-5EEB-4BAE-B36F-853C94705A80}
	EndGlobalSection
EndGlobal
